# This file is automatically @generated by Cargo.
# It is not intended for manual editing.
version = 4

[[package]]
name = "phyllotaxis-cadence"
version = "0.1.0"
dependencies = [
 "phyllotaxis-field",
 "phyllotaxis-fx",
 "phyllotaxis-pool",
 "phyllotaxis-tuning",
 "phyllotaxis-voice",
]

[[package]]
name = "phyllotaxis-field"
version = "0.1.0"
dependencies = [
 "phyllotaxis-tuning",
 "phyllotaxis-voice",
]

[[package]]
name = "phyllotaxis-fx"
version = "0.1.0"

[[package]]
name = "phyllotaxis-pool"
version = "0.1.0"
dependencies = [
 "phyllotaxis-field",
 "phyllotaxis-tuning",
 "phyllotaxis-voice",
]

[[package]]
name = "phyllotaxis-tuning"
version = "0.1.0"

[[package]]
name = "phyllotaxis-voice"
version = "0.1.0"
dependencies = [
 "phyllotaxis-tuning",
]

[[package]]
name = "phyllotaxis-wasm"
version = "0.1.0"
dependencies = [
 "phyllotaxis-cadence",
 "phyllotaxis-field",
 "phyllotaxis-fx",
 "phyllotaxis-pool",
 "phyllotaxis-tuning",
 "phyllotaxis-voice",
]
